github.com/simplyYan/Wysb/src/tokenizer v0.0.0-20240901145127-2a71514d9cab h1:cFQwwsq/oRvghl9PErQrOBgVI5+siZCyXvN9ES3FVwI=
github.com/simplyYan/Wysb/src/tokenizer v0.0.0-20240901145127-2a71514d9cab/go.mod h1:U9rAituQIBCCbO1EAW+V5ZbGSg4T7j9RcvHlZA6wRd8=
github.com/simplyYan/Wysb/src/tokenizer v0.0.0-20240901154131-4ad63713b409 h1:rsIm9YaLuoY3ffc/R500VfiEpj2T+E6GjmgGAg7mxfI=
github.com/simplyYan/Wysb/src/tokenizer v0.0.0-20240901154131-4ad63713b409/go.mod h1:U9rAituQIBCCbO1EAW+V5ZbGSg4T7j9RcvHlZA6wRd8=
